// !$*UTF8*$!
{
	archiveVersion = 1;
	classes = {
	};
	objectVersion = 46;
	objects = {

/* Begin PBXBuildFile section */
		2F34C1559967EC1C2793FC0D /* MediaInfo.m in Sources */ = {isa = PBXBuildFile; fileRef = 2F34C03584114B421E7D65FE /* MediaInfo.m */; };
		2F34C2492249AD8036CB7E15 /* WeiboPage.m in Sources */ = {isa = PBXBuildFile; fileRef = 2F34C7C5FC6537BD962D317F /* WeiboPage.m */; };
		2F34C290F133FDB5EC583FB1 /* User.m in Sources */ = {isa = PBXBuildFile; fileRef = 2F34C204C7F7573486CEB9B4 /* User.m */; };
		2F34C4D8AC32286ACBEDB4FB /* Mblog.m in Sources */ = {isa = PBXBuildFile; fileRef = 2F34C406502D408173799166 /* Mblog.m */; };
		2F34C576A4F745C978358EE4 /* Visible.m in Sources */ = {isa = PBXBuildFile; fileRef = 2F34C0932D667BA69A882F68 /* Visible.m */; };
		2F34C5ABC0980D6276B65E3D /* BaseWeibo.m in Sources */ = {isa = PBXBuildFile; fileRef = 2F34C453F4ECA81B10255FFB /* BaseWeibo.m */; };
		2F34C5B96CF6C3F28FFEA9FC /* PicBig.m in Sources */ = {isa = PBXBuildFile; fileRef = 2F34CE6E20185895512C6DD1 /* PicBig.m */; };
		2F34C6BCF78948B6DEA82A5D /* Geo.m in Sources */ = {isa = PBXBuildFile; fileRef = 2F34C604229F0DB529A96B66 /* Geo.m */; };
		2F34C7DA79B40B6FE64F754B /* RetweetedStatus.m in Sources */ = {isa = PBXBuildFile; fileRef = 2F34C467CDC45B2E49C1E7BA /* RetweetedStatus.m */; };
		2F34C9BD99E2AC9F17E96F7D /* PicInfo.m in Sources */ = {isa = PBXBuildFile; fileRef = 2F34C8008762317F328246A3 /* PicInfo.m */; };
		2F34CCCEBDC718751E614E2C /* Large.m in Sources */ = {isa = PBXBuildFile; fileRef = 2F34CF27C8F6AED7147722FE /* Large.m */; };
		2F34CCE7F114F28FF04AA297 /* RetweetedWeibo.m in Sources */ = {isa = PBXBuildFile; fileRef = 2F34C8234AD5F99F30A819DD /* RetweetedWeibo.m */; };
		2F34CCF63A92515DEE7EB12A /* Author.m in Sources */ = {isa = PBXBuildFile; fileRef = 2F34C86415405AE385F78D3A /* Author.m */; };
		2F34CD55968E4C06A67063C2 /* Pics.m in Sources */ = {isa = PBXBuildFile; fileRef = 2F34CBE8C0750A39D5E172AB /* Pics.m */; };
		2F34CE403B8EFCD1FD9097A0 /* PageInfo.m in Sources */ = {isa = PBXBuildFile; fileRef = 2F34C6212E49E452C390DBCA /* PageInfo.m */; };
		2F34CEC299A112CEC5EC6893 /* Weibo.m in Sources */ = {isa = PBXBuildFile; fileRef = 2F34CEE6B799F29F431FD199 /* Weibo.m */; };
		2F34CF4254CCF9E02F82529A /* CardGroup.m in Sources */ = {isa = PBXBuildFile; fileRef = 2F34CB0C38D63BB5885D6581 /* CardGroup.m */; };
		2F34CF8F5676D83E49F5BE07 /* Cards.m in Sources */ = {isa = PBXBuildFile; fileRef = 2F34C344B0D1B76CE767E37D /* Cards.m */; };
		3A6410761D466C51000651E6 /* MainTimeLineTableViewController.m in Sources */ = {isa = PBXBuildFile; fileRef = 3A6410751D466C51000651E6 /* MainTimeLineTableViewController.m */; };
		3A6559E41D47B9DD00776797 /* TimeLineCell.m in Sources */ = {isa = PBXBuildFile; fileRef = 3A6559E31D47B9DD00776797 /* TimeLineCell.m */; };
		3A6844C91D4A59E200655A17 /* LXStatusTextPart.m in Sources */ = {isa = PBXBuildFile; fileRef = 3A6844C61D4A59E200655A17 /* LXStatusTextPart.m */; };
		3A6844CA1D4A59E200655A17 /* LXStatusTextLink.m in Sources */ = {isa = PBXBuildFile; fileRef = 3A6844C81D4A59E200655A17 /* LXStatusTextLink.m */; };
		3A6844D21D4A5FF600655A17 /* default.plist in Resources */ = {isa = PBXBuildFile; fileRef = 3A6844CD1D4A5FF600655A17 /* default.plist */; };
		3A6844D31D4A5FF600655A17 /* emoji.plist in Resources */ = {isa = PBXBuildFile; fileRef = 3A6844CF1D4A5FF600655A17 /* emoji.plist */; };
		3A6844D41D4A5FF600655A17 /* lxh.plist in Resources */ = {isa = PBXBuildFile; fileRef = 3A6844D11D4A5FF600655A17 /* lxh.plist */; };
		3A6844D71D4A608000655A17 /* EmotionsManager.m in Sources */ = {isa = PBXBuildFile; fileRef = 3A6844D61D4A608000655A17 /* EmotionsManager.m */; };
		3A6844DC1D4A60CD00655A17 /* Emotion.m in Sources */ = {isa = PBXBuildFile; fileRef = 3A6844D91D4A60CD00655A17 /* Emotion.m */; };
		3A6844DD1D4A60CD00655A17 /* NSString+Emoji.m in Sources */ = {isa = PBXBuildFile; fileRef = 3A6844DB1D4A60CD00655A17 /* NSString+Emoji.m */; };
		3A6844E31D4A646C00655A17 /* NSNotificationCenter+LXAdditions.m in Sources */ = {isa = PBXBuildFile; fileRef = 3A6844E21D4A646C00655A17 /* NSNotificationCenter+LXAdditions.m */; };
		3A6E21F91D4C8F9C00ED92E6 /* UIWeiboTextView.m in Sources */ = {isa = PBXBuildFile; fileRef = 3A6E21F81D4C8F9C00ED92E6 /* UIWeiboTextView.m */; };
		3A6E21FC1D4C972C00ED92E6 /* WeiboJsonCleanner.m in Sources */ = {isa = PBXBuildFile; fileRef = 3A6E21FB1D4C972C00ED92E6 /* WeiboJsonCleanner.m */; };
		3A6E21FF1D4CE79700ED92E6 /* TimeLine1ImagesCell.m in Sources */ = {isa = PBXBuildFile; fileRef = 3A6E21FE1D4CE79700ED92E6 /* TimeLine1ImagesCell.m */; };
		3A6E22021D4CFE4000ED92E6 /* TimeLine2ImagesCell.m in Sources */ = {isa = PBXBuildFile; fileRef = 3A6E22011D4CFE4000ED92E6 /* TimeLine2ImagesCell.m */; };
		3A6E220A1D4D116E00ED92E6 /* TimeLine3ImagesCell.m in Sources */ = {isa = PBXBuildFile; fileRef = 3A6E22091D4D116E00ED92E6 /* TimeLine3ImagesCell.m */; };
		3A6E220D1D4D17BE00ED92E6 /* TimeLine4ImagesCell.m in Sources */ = {isa = PBXBuildFile; fileRef = 3A6E220C1D4D17BE00ED92E6 /* TimeLine4ImagesCell.m */; };
		3A6E22101D4D17D800ED92E6 /* TimeLine5ImagesCell.m in Sources */ = {isa = PBXBuildFile; fileRef = 3A6E220F1D4D17D800ED92E6 /* TimeLine5ImagesCell.m */; };
		3A6E22131D4D17FC00ED92E6 /* TimeLine6ImagesCell.m in Sources */ = {isa = PBXBuildFile; fileRef = 3A6E22121D4D17FC00ED92E6 /* TimeLine6ImagesCell.m */; };
		3A6E22161D4D181100ED92E6 /* TimeLine7ImagesCell.m in Sources */ = {isa = PBXBuildFile; fileRef = 3A6E22151D4D181100ED92E6 /* TimeLine7ImagesCell.m */; };
		3A6E22191D4D182400ED92E6 /* TimeLine8ImagesCell.m in Sources */ = {isa = PBXBuildFile; fileRef = 3A6E22181D4D182400ED92E6 /* TimeLine8ImagesCell.m */; };
		3A6E221C1D4D184700ED92E6 /* TimeLine9ImagesCell.m in Sources */ = {isa = PBXBuildFile; fileRef = 3A6E221B1D4D184700ED92E6 /* TimeLine9ImagesCell.m */; };
		3A78B4E41E9A45C00053DFA9 /* WeiboHelper.m in Sources */ = {isa = PBXBuildFile; fileRef = 3A78B4E31E9A45C00053DFA9 /* WeiboHelper.m */; };
		3A85C2241D44DAD000B0FB8E /* main.m in Sources */ = {isa = PBXBuildFile; fileRef = 3A85C2231D44DAD000B0FB8E /* main.m */; };
		3A85C2271D44DAD000B0FB8E /* AppDelegate.m in Sources */ = {isa = PBXBuildFile; fileRef = 3A85C2261D44DAD000B0FB8E /* AppDelegate.m */; };
		3A85C22A1D44DAD000B0FB8E /* ViewController.m in Sources */ = {isa = PBXBuildFile; fileRef = 3A85C2291D44DAD000B0FB8E /* ViewController.m */; };
		3A85C22D1D44DAD000B0FB8E /* Main.storyboard in Resources */ = {isa = PBXBuildFile; fileRef = 3A85C22B1D44DAD000B0FB8E /* Main.storyboard */; };
		3A85C2301D44DAD000B0FB8E /* iBeeboPro.xcdatamodeld in Sources */ = {isa = PBXBuildFile; fileRef = 3A85C22E1D44DAD000B0FB8E /* iBeeboPro.xcdatamodeld */; };
		3A85C2321D44DAD000B0FB8E /* Assets.xcassets in Resources */ = {isa = PBXBuildFile; fileRef = 3A85C2311D44DAD000B0FB8E /* Assets.xcassets */; };
		3A85C2351D44DAD000B0FB8E /* LaunchScreen.storyboard in Resources */ = {isa = PBXBuildFile; fileRef = 3A85C2331D44DAD000B0FB8E /* LaunchScreen.storyboard */; };
		3A85C2411D44FD7500B0FB8E /* CookiesManager.m in Sources */ = {isa = PBXBuildFile; fileRef = 3A85C2401D44FD7500B0FB8E /* CookiesManager.m */; };
		3A85C2441D45083700B0FB8E /* UIStoryboard+Extensions.m in Sources */ = {isa = PBXBuildFile; fileRef = 3A85C2431D45083700B0FB8E /* UIStoryboard+Extensions.m */; };
		3A85C2481D4511C700B0FB8E /* WeiboMainTabBarController.m in Sources */ = {isa = PBXBuildFile; fileRef = 3A85C2471D4511C700B0FB8E /* WeiboMainTabBarController.m */; };
		3A85C24D1D45211600B0FB8E /* AFHTTPSessionManager+SimpleAction.m in Sources */ = {isa = PBXBuildFile; fileRef = 3A85C24C1D45211600B0FB8E /* AFHTTPSessionManager+SimpleAction.m */; };
		3A85C2501D45213900B0FB8E /* NSString+Extensions.m in Sources */ = {isa = PBXBuildFile; fileRef = 3A85C24F1D45213900B0FB8E /* NSString+Extensions.m */; };
		542C4D0CDABDA17A79467044 /* libPods-iBeeboPro.a in Frameworks */ = {isa = PBXBuildFile; fileRef = 1C98854ABD08BD7E691A049D /* libPods-iBeeboPro.a */; };
/* End PBXBuildFile section */

/* Begin PBXFileReference section */
		1C98854ABD08BD7E691A049D /* libPods-iBeeboPro.a */ = {isa = PBXFileReference; explicitFileType = archive.ar; includeInIndex = 0; path = "libPods-iBeeboPro.a"; sourceTree = BUILT_PRODUCTS_DIR; };
		2F34C03584114B421E7D65FE /* MediaInfo.m */ = {isa = PBXFileReference; fileEncoding = 4; lastKnownFileType = sourcecode.c.objc; path = MediaInfo.m; sourceTree = "<group>"; };
		2F34C0932D667BA69A882F68 /* Visible.m */ = {isa = PBXFileReference; fileEncoding = 4; lastKnownFileType = sourcecode.c.objc; path = Visible.m; sourceTree = "<group>"; };
		2F34C0F91DD5AA6B7F15E3F8 /* PageInfo.h */ = {isa = PBXFileReference; fileEncoding = 4; lastKnownFileType = sourcecode.c.h; path = PageInfo.h; sourceTree = "<group>"; };
		2F34C204C7F7573486CEB9B4 /* User.m */ = {isa = PBXFileReference; fileEncoding = 4; lastKnownFileType = sourcecode.c.objc; path = User.m; sourceTree = "<group>"; };
		2F34C344B0D1B76CE767E37D /* Cards.m */ = {isa = PBXFileReference; fileEncoding = 4; lastKnownFileType = sourcecode.c.objc; path = Cards.m; sourceTree = "<group>"; };
		2F34C406502D408173799166 /* Mblog.m */ = {isa = PBXFileReference; fileEncoding = 4; lastKnownFileType = sourcecode.c.objc; path = Mblog.m; sourceTree = "<group>"; };
		2F34C453F4ECA81B10255FFB /* BaseWeibo.m */ = {isa = PBXFileReference; fileEncoding = 4; lastKnownFileType = sourcecode.c.objc; path = BaseWeibo.m; sourceTree = "<group>"; };
		2F34C467CDC45B2E49C1E7BA /* RetweetedStatus.m */ = {isa = PBXFileReference; fileEncoding = 4; lastKnownFileType = sourcecode.c.objc; path = RetweetedStatus.m; sourceTree = "<group>"; };
		2F34C46E18CDBF311AB1FC41 /* Large.h */ = {isa = PBXFileReference; fileEncoding = 4; lastKnownFileType = sourcecode.c.h; path = Large.h; sourceTree = "<group>"; };
		2F34C471833B34BF95362C1A /* BaseWeibo.h */ = {isa = PBXFileReference; fileEncoding = 4; lastKnownFileType = sourcecode.c.h; path = BaseWeibo.h; sourceTree = "<group>"; };
		2F34C49AA818F5F2185D4B73 /* MediaInfo.h */ = {isa = PBXFileReference; fileEncoding = 4; lastKnownFileType = sourcecode.c.h; path = MediaInfo.h; sourceTree = "<group>"; };
		2F34C604229F0DB529A96B66 /* Geo.m */ = {isa = PBXFileReference; fileEncoding = 4; lastKnownFileType = sourcecode.c.objc; path = Geo.m; sourceTree = "<group>"; };
		2F34C6212E49E452C390DBCA /* PageInfo.m */ = {isa = PBXFileReference; fileEncoding = 4; lastKnownFileType = sourcecode.c.objc; path = PageInfo.m; sourceTree = "<group>"; };
		2F34C62470AF419FC28FB111 /* CardGroup.h */ = {isa = PBXFileReference; fileEncoding = 4; lastKnownFileType = sourcecode.c.h; path = CardGroup.h; sourceTree = "<group>"; };
		2F34C6B2E247F8EE943E7D55 /* Weibo.h */ = {isa = PBXFileReference; fileEncoding = 4; lastKnownFileType = sourcecode.c.h; path = Weibo.h; sourceTree = "<group>"; };
		2F34C6E9A84D90199187BA5A /* DataModels.h */ = {isa = PBXFileReference; fileEncoding = 4; lastKnownFileType = sourcecode.c.h; path = DataModels.h; sourceTree = "<group>"; };
		2F34C7C5FC6537BD962D317F /* WeiboPage.m */ = {isa = PBXFileReference; fileEncoding = 4; lastKnownFileType = sourcecode.c.objc; path = WeiboPage.m; sourceTree = "<group>"; };
		2F34C8008762317F328246A3 /* PicInfo.m */ = {isa = PBXFileReference; fileEncoding = 4; lastKnownFileType = sourcecode.c.objc; path = PicInfo.m; sourceTree = "<group>"; };
		2F34C8234AD5F99F30A819DD /* RetweetedWeibo.m */ = {isa = PBXFileReference; fileEncoding = 4; lastKnownFileType = sourcecode.c.objc; path = RetweetedWeibo.m; sourceTree = "<group>"; };
		2F34C86415405AE385F78D3A /* Author.m */ = {isa = PBXFileReference; fileEncoding = 4; lastKnownFileType = sourcecode.c.objc; path = Author.m; sourceTree = "<group>"; };
		2F34C86B024C73E8207EFE06 /* Author.h */ = {isa = PBXFileReference; fileEncoding = 4; lastKnownFileType = sourcecode.c.h; path = Author.h; sourceTree = "<group>"; };
		2F34C97FEF845E6C43EB3A26 /* RetweetedWeibo.h */ = {isa = PBXFileReference; fileEncoding = 4; lastKnownFileType = sourcecode.c.h; path = RetweetedWeibo.h; sourceTree = "<group>"; };
		2F34C99D5C77049B01243924 /* Geo.h */ = {isa = PBXFileReference; fileEncoding = 4; lastKnownFileType = sourcecode.c.h; path = Geo.h; sourceTree = "<group>"; };
		2F34CABC019A6718DFEFD73A /* Cards.h */ = {isa = PBXFileReference; fileEncoding = 4; lastKnownFileType = sourcecode.c.h; path = Cards.h; sourceTree = "<group>"; };
		2F34CB0C38D63BB5885D6581 /* CardGroup.m */ = {isa = PBXFileReference; fileEncoding = 4; lastKnownFileType = sourcecode.c.objc; path = CardGroup.m; sourceTree = "<group>"; };
		2F34CB399745230C77DA3504 /* RetweetedStatus.h */ = {isa = PBXFileReference; fileEncoding = 4; lastKnownFileType = sourcecode.c.h; path = RetweetedStatus.h; sourceTree = "<group>"; };
		2F34CB85B6052B9A2BE55331 /* Pics.h */ = {isa = PBXFileReference; fileEncoding = 4; lastKnownFileType = sourcecode.c.h; path = Pics.h; sourceTree = "<group>"; };
		2F34CBC33A321C90E8E658F1 /* PicBig.h */ = {isa = PBXFileReference; fileEncoding = 4; lastKnownFileType = sourcecode.c.h; path = PicBig.h; sourceTree = "<group>"; };
		2F34CBE8C0750A39D5E172AB /* Pics.m */ = {isa = PBXFileReference; fileEncoding = 4; lastKnownFileType = sourcecode.c.objc; path = Pics.m; sourceTree = "<group>"; };
		2F34CC7621672374693F0484 /* WeiboPage.h */ = {isa = PBXFileReference; fileEncoding = 4; lastKnownFileType = sourcecode.c.h; path = WeiboPage.h; sourceTree = "<group>"; };
		2F34CE6E20185895512C6DD1 /* PicBig.m */ = {isa = PBXFileReference; fileEncoding = 4; lastKnownFileType = sourcecode.c.objc; path = PicBig.m; sourceTree = "<group>"; };
		2F34CE8EA99E4D849356B327 /* User.h */ = {isa = PBXFileReference; fileEncoding = 4; lastKnownFileType = sourcecode.c.h; path = User.h; sourceTree = "<group>"; };
		2F34CEC531482F5389043F0D /* PicInfo.h */ = {isa = PBXFileReference; fileEncoding = 4; lastKnownFileType = sourcecode.c.h; path = PicInfo.h; sourceTree = "<group>"; };
		2F34CEE6B799F29F431FD199 /* Weibo.m */ = {isa = PBXFileReference; fileEncoding = 4; lastKnownFileType = sourcecode.c.objc; path = Weibo.m; sourceTree = "<group>"; };
		2F34CF27C8F6AED7147722FE /* Large.m */ = {isa = PBXFileReference; fileEncoding = 4; lastKnownFileType = sourcecode.c.objc; path = Large.m; sourceTree = "<group>"; };
		2F34CFEFE135DC3D82ACCA05 /* Visible.h */ = {isa = PBXFileReference; fileEncoding = 4; lastKnownFileType = sourcecode.c.h; path = Visible.h; sourceTree = "<group>"; };
		2F34CFFC2E9A81EDA8CB09BC /* Mblog.h */ = {isa = PBXFileReference; fileEncoding = 4; lastKnownFileType = sourcecode.c.h; path = Mblog.h; sourceTree = "<group>"; };
		3A6410741D466C51000651E6 /* MainTimeLineTableViewController.h */ = {isa = PBXFileReference; fileEncoding = 4; lastKnownFileType = sourcecode.c.h; path = MainTimeLineTableViewController.h; sourceTree = "<group>"; };
		3A6410751D466C51000651E6 /* MainTimeLineTableViewController.m */ = {isa = PBXFileReference; fileEncoding = 4; lastKnownFileType = sourcecode.c.objc; path = MainTimeLineTableViewController.m; sourceTree = "<group>"; };
		3A6559E21D47B9DD00776797 /* TimeLineCell.h */ = {isa = PBXFileReference; fileEncoding = 4; lastKnownFileType = sourcecode.c.h; path = TimeLineCell.h; sourceTree = "<group>"; };
		3A6559E31D47B9DD00776797 /* TimeLineCell.m */ = {isa = PBXFileReference; fileEncoding = 4; lastKnownFileType = sourcecode.c.objc; path = TimeLineCell.m; sourceTree = "<group>"; };
		3A6844C51D4A59E200655A17 /* LXStatusTextPart.h */ = {isa = PBXFileReference; fileEncoding = 4; lastKnownFileType = sourcecode.c.h; path = LXStatusTextPart.h; sourceTree = "<group>"; };
		3A6844C61D4A59E200655A17 /* LXStatusTextPart.m */ = {isa = PBXFileReference; fileEncoding = 4; lastKnownFileType = sourcecode.c.objc; path = LXStatusTextPart.m; sourceTree = "<group>"; };
		3A6844C71D4A59E200655A17 /* LXStatusTextLink.h */ = {isa = PBXFileReference; fileEncoding = 4; lastKnownFileType = sourcecode.c.h; path = LXStatusTextLink.h; sourceTree = "<group>"; };
		3A6844C81D4A59E200655A17 /* LXStatusTextLink.m */ = {isa = PBXFileReference; fileEncoding = 4; lastKnownFileType = sourcecode.c.objc; path = LXStatusTextLink.m; sourceTree = "<group>"; };
		3A6844CD1D4A5FF600655A17 /* default.plist */ = {isa = PBXFileReference; fileEncoding = 4; lastKnownFileType = text.plist.xml; name = default.plist; path = EmotionIcons/default/default.plist; sourceTree = "<group>"; };
		3A6844CF1D4A5FF600655A17 /* emoji.plist */ = {isa = PBXFileReference; fileEncoding = 4; lastKnownFileType = text.plist.xml; name = emoji.plist; path = EmotionIcons/emoji/emoji.plist; sourceTree = "<group>"; };
		3A6844D11D4A5FF600655A17 /* lxh.plist */ = {isa = PBXFileReference; fileEncoding = 4; lastKnownFileType = text.plist.xml; name = lxh.plist; path = EmotionIcons/lxh/lxh.plist; sourceTree = "<group>"; };
		3A6844D51D4A608000655A17 /* EmotionsManager.h */ = {isa = PBXFileReference; fileEncoding = 4; lastKnownFileType = sourcecode.c.h; path = EmotionsManager.h; sourceTree = "<group>"; };
		3A6844D61D4A608000655A17 /* EmotionsManager.m */ = {isa = PBXFileReference; fileEncoding = 4; lastKnownFileType = sourcecode.c.objc; path = EmotionsManager.m; sourceTree = "<group>"; };
		3A6844D81D4A60CD00655A17 /* Emotion.h */ = {isa = PBXFileReference; fileEncoding = 4; lastKnownFileType = sourcecode.c.h; path = Emotion.h; sourceTree = "<group>"; };
		3A6844D91D4A60CD00655A17 /* Emotion.m */ = {isa = PBXFileReference; fileEncoding = 4; lastKnownFileType = sourcecode.c.objc; path = Emotion.m; sourceTree = "<group>"; };
		3A6844DA1D4A60CD00655A17 /* NSString+Emoji.h */ = {isa = PBXFileReference; fileEncoding = 4; lastKnownFileType = sourcecode.c.h; path = "NSString+Emoji.h"; sourceTree = "<group>"; };
		3A6844DB1D4A60CD00655A17 /* NSString+Emoji.m */ = {isa = PBXFileReference; fileEncoding = 4; lastKnownFileType = sourcecode.c.objc; path = "NSString+Emoji.m"; sourceTree = "<group>"; };
		3A6844E11D4A646C00655A17 /* NSNotificationCenter+LXAdditions.h */ = {isa = PBXFileReference; fileEncoding = 4; lastKnownFileType = sourcecode.c.h; path = "NSNotificationCenter+LXAdditions.h"; sourceTree = "<group>"; };
		3A6844E21D4A646C00655A17 /* NSNotificationCenter+LXAdditions.m */ = {isa = PBXFileReference; fileEncoding = 4; lastKnownFileType = sourcecode.c.objc; path = "NSNotificationCenter+LXAdditions.m"; sourceTree = "<group>"; };
		3A6E21F71D4C8F9C00ED92E6 /* UIWeiboTextView.h */ = {isa = PBXFileReference; fileEncoding = 4; lastKnownFileType = sourcecode.c.h; path = UIWeiboTextView.h; sourceTree = "<group>"; };
		3A6E21F81D4C8F9C00ED92E6 /* UIWeiboTextView.m */ = {isa = PBXFileReference; fileEncoding = 4; lastKnownFileType = sourcecode.c.objc; path = UIWeiboTextView.m; sourceTree = "<group>"; };
		3A6E21FA1D4C972C00ED92E6 /* WeiboJsonCleanner.h */ = {isa = PBXFileReference; fileEncoding = 4; lastKnownFileType = sourcecode.c.h; path = WeiboJsonCleanner.h; sourceTree = "<group>"; };
		3A6E21FB1D4C972C00ED92E6 /* WeiboJsonCleanner.m */ = {isa = PBXFileReference; fileEncoding = 4; lastKnownFileType = sourcecode.c.objc; path = WeiboJsonCleanner.m; sourceTree = "<group>"; };
		3A6E21FD1D4CE79700ED92E6 /* TimeLine1ImagesCell.h */ = {isa = PBXFileReference; fileEncoding = 4; lastKnownFileType = sourcecode.c.h; path = TimeLine1ImagesCell.h; sourceTree = "<group>"; };
		3A6E21FE1D4CE79700ED92E6 /* TimeLine1ImagesCell.m */ = {isa = PBXFileReference; fileEncoding = 4; lastKnownFileType = sourcecode.c.objc; path = TimeLine1ImagesCell.m; sourceTree = "<group>"; };
		3A6E22001D4CFE4000ED92E6 /* TimeLine2ImagesCell.h */ = {isa = PBXFileReference; fileEncoding = 4; lastKnownFileType = sourcecode.c.h; path = TimeLine2ImagesCell.h; sourceTree = "<group>"; };
		3A6E22011D4CFE4000ED92E6 /* TimeLine2ImagesCell.m */ = {isa = PBXFileReference; fileEncoding = 4; lastKnownFileType = sourcecode.c.objc; path = TimeLine2ImagesCell.m; sourceTree = "<group>"; };
		3A6E22081D4D116E00ED92E6 /* TimeLine3ImagesCell.h */ = {isa = PBXFileReference; fileEncoding = 4; lastKnownFileType = sourcecode.c.h; path = TimeLine3ImagesCell.h; sourceTree = "<group>"; };
		3A6E22091D4D116E00ED92E6 /* TimeLine3ImagesCell.m */ = {isa = PBXFileReference; fileEncoding = 4; lastKnownFileType = sourcecode.c.objc; path = TimeLine3ImagesCell.m; sourceTree = "<group>"; };
		3A6E220B1D4D17BE00ED92E6 /* TimeLine4ImagesCell.h */ = {isa = PBXFileReference; fileEncoding = 4; lastKnownFileType = sourcecode.c.h; path = TimeLine4ImagesCell.h; sourceTree = "<group>"; };
		3A6E220C1D4D17BE00ED92E6 /* TimeLine4ImagesCell.m */ = {isa = PBXFileReference; fileEncoding = 4; lastKnownFileType = sourcecode.c.objc; path = TimeLine4ImagesCell.m; sourceTree = "<group>"; };
		3A6E220E1D4D17D800ED92E6 /* TimeLine5ImagesCell.h */ = {isa = PBXFileReference; fileEncoding = 4; lastKnownFileType = sourcecode.c.h; path = TimeLine5ImagesCell.h; sourceTree = "<group>"; };
		3A6E220F1D4D17D800ED92E6 /* TimeLine5ImagesCell.m */ = {isa = PBXFileReference; fileEncoding = 4; lastKnownFileType = sourcecode.c.objc; path = TimeLine5ImagesCell.m; sourceTree = "<group>"; };
		3A6E22111D4D17FC00ED92E6 /* TimeLine6ImagesCell.h */ = {isa = PBXFileReference; fileEncoding = 4; lastKnownFileType = sourcecode.c.h; path = TimeLine6ImagesCell.h; sourceTree = "<group>"; };
		3A6E22121D4D17FC00ED92E6 /* TimeLine6ImagesCell.m */ = {isa = PBXFileReference; fileEncoding = 4; lastKnownFileType = sourcecode.c.objc; path = TimeLine6ImagesCell.m; sourceTree = "<group>"; };
		3A6E22141D4D181100ED92E6 /* TimeLine7ImagesCell.h */ = {isa = PBXFileReference; fileEncoding = 4; lastKnownFileType = sourcecode.c.h; path = TimeLine7ImagesCell.h; sourceTree = "<group>"; };
		3A6E22151D4D181100ED92E6 /* TimeLine7ImagesCell.m */ = {isa = PBXFileReference; fileEncoding = 4; lastKnownFileType = sourcecode.c.objc; path = TimeLine7ImagesCell.m; sourceTree = "<group>"; };
		3A6E22171D4D182400ED92E6 /* TimeLine8ImagesCell.h */ = {isa = PBXFileReference; fileEncoding = 4; lastKnownFileType = sourcecode.c.h; path = TimeLine8ImagesCell.h; sourceTree = "<group>"; };
		3A6E22181D4D182400ED92E6 /* TimeLine8ImagesCell.m */ = {isa = PBXFileReference; fileEncoding = 4; lastKnownFileType = sourcecode.c.objc; path = TimeLine8ImagesCell.m; sourceTree = "<group>"; };
		3A6E221A1D4D184700ED92E6 /* TimeLine9ImagesCell.h */ = {isa = PBXFileReference; fileEncoding = 4; lastKnownFileType = sourcecode.c.h; path = TimeLine9ImagesCell.h; sourceTree = "<group>"; };
		3A6E221B1D4D184700ED92E6 /* TimeLine9ImagesCell.m */ = {isa = PBXFileReference; fileEncoding = 4; lastKnownFileType = sourcecode.c.objc; path = TimeLine9ImagesCell.m; sourceTree = "<group>"; };
		3A78B4E21E9A45C00053DFA9 /* WeiboHelper.h */ = {isa = PBXFileReference; fileEncoding = 4; lastKnownFileType = sourcecode.c.h; path = WeiboHelper.h; sourceTree = "<group>"; };
		3A78B4E31E9A45C00053DFA9 /* WeiboHelper.m */ = {isa = PBXFileReference; fileEncoding = 4; lastKnownFileType = sourcecode.c.objc; path = WeiboHelper.m; sourceTree = "<group>"; };
		3A85C21F1D44DAD000B0FB8E /* iBeeboPro.app */ = {isa = PBXFileReference; explicitFileType = wrapper.application; includeInIndex = 0; path = iBeeboPro.app; sourceTree = BUILT_PRODUCTS_DIR; };
		3A85C2231D44DAD000B0FB8E /* main.m */ = {isa = PBXFileReference; lastKnownFileType = sourcecode.c.objc; path = main.m; sourceTree = "<group>"; };
		3A85C2251D44DAD000B0FB8E /* AppDelegate.h */ = {isa = PBXFileReference; lastKnownFileType = sourcecode.c.h; path = AppDelegate.h; sourceTree = "<group>"; };
		3A85C2261D44DAD000B0FB8E /* AppDelegate.m */ = {isa = PBXFileReference; lastKnownFileType = sourcecode.c.objc; path = AppDelegate.m; sourceTree = "<group>"; };
		3A85C2281D44DAD000B0FB8E /* ViewController.h */ = {isa = PBXFileReference; lastKnownFileType = sourcecode.c.h; path = ViewController.h; sourceTree = "<group>"; };
		3A85C2291D44DAD000B0FB8E /* ViewController.m */ = {isa = PBXFileReference; lastKnownFileType = sourcecode.c.objc; path = ViewController.m; sourceTree = "<group>"; };
		3A85C22C1D44DAD000B0FB8E /* Base */ = {isa = PBXFileReference; lastKnownFileType = file.storyboard; name = Base; path = Base.lproj/Main.storyboard; sourceTree = "<group>"; };
		3A85C22F1D44DAD000B0FB8E /* iBeeboPro.xcdatamodel */ = {isa = PBXFileReference; lastKnownFileType = wrapper.xcdatamodel; path = iBeeboPro.xcdatamodel; sourceTree = "<group>"; };
		3A85C2311D44DAD000B0FB8E /* Assets.xcassets */ = {isa = PBXFileReference; lastKnownFileType = folder.assetcatalog; path = Assets.xcassets; sourceTree = "<group>"; };
		3A85C2341D44DAD000B0FB8E /* Base */ = {isa = PBXFileReference; lastKnownFileType = file.storyboard; name = Base; path = Base.lproj/LaunchScreen.storyboard; sourceTree = "<group>"; };
		3A85C2361D44DAD000B0FB8E /* Info.plist */ = {isa = PBXFileReference; lastKnownFileType = text.plist.xml; path = Info.plist; sourceTree = "<group>"; };
		3A85C23F1D44FD7500B0FB8E /* CookiesManager.h */ = {isa = PBXFileReference; fileEncoding = 4; lastKnownFileType = sourcecode.c.h; path = CookiesManager.h; sourceTree = "<group>"; };
		3A85C2401D44FD7500B0FB8E /* CookiesManager.m */ = {isa = PBXFileReference; fileEncoding = 4; lastKnownFileType = sourcecode.c.objc; path = CookiesManager.m; sourceTree = "<group>"; };
		3A85C2421D45083700B0FB8E /* UIStoryboard+Extensions.h */ = {isa = PBXFileReference; fileEncoding = 4; lastKnownFileType = sourcecode.c.h; path = "UIStoryboard+Extensions.h"; sourceTree = "<group>"; };
		3A85C2431D45083700B0FB8E /* UIStoryboard+Extensions.m */ = {isa = PBXFileReference; fileEncoding = 4; lastKnownFileType = sourcecode.c.objc; path = "UIStoryboard+Extensions.m"; sourceTree = "<group>"; };
		3A85C2461D4511C700B0FB8E /* WeiboMainTabBarController.h */ = {isa = PBXFileReference; fileEncoding = 4; lastKnownFileType = sourcecode.c.h; path = WeiboMainTabBarController.h; sourceTree = "<group>"; };
		3A85C2471D4511C700B0FB8E /* WeiboMainTabBarController.m */ = {isa = PBXFileReference; fileEncoding = 4; lastKnownFileType = sourcecode.c.objc; path = WeiboMainTabBarController.m; sourceTree = "<group>"; };
		3A85C24B1D45211600B0FB8E /* AFHTTPSessionManager+SimpleAction.h */ = {isa = PBXFileReference; fileEncoding = 4; lastKnownFileType = sourcecode.c.h; path = "AFHTTPSessionManager+SimpleAction.h"; sourceTree = "<group>"; };
		3A85C24C1D45211600B0FB8E /* AFHTTPSessionManager+SimpleAction.m */ = {isa = PBXFileReference; fileEncoding = 4; lastKnownFileType = sourcecode.c.objc; path = "AFHTTPSessionManager+SimpleAction.m"; sourceTree = "<group>"; };
		3A85C24E1D45213900B0FB8E /* NSString+Extensions.h */ = {isa = PBXFileReference; fileEncoding = 4; lastKnownFileType = sourcecode.c.h; path = "NSString+Extensions.h"; sourceTree = "<group>"; };
		3A85C24F1D45213900B0FB8E /* NSString+Extensions.m */ = {isa = PBXFileReference; fileEncoding = 4; lastKnownFileType = sourcecode.c.objc; path = "NSString+Extensions.m"; sourceTree = "<group>"; };
		85848B6C50344BAD3D72FDC4 /* Pods-iBeeboPro.release.xcconfig */ = {isa = PBXFileReference; includeInIndex = 1; lastKnownFileType = text.xcconfig; name = "Pods-iBeeboPro.release.xcconfig"; path = "Pods/Target Support Files/Pods-iBeeboPro/Pods-iBeeboPro.release.xcconfig"; sourceTree = "<group>"; };
		B9B0A1B115C4DC0741FD0865 /* Pods-iBeeboPro.debug.xcconfig */ = {isa = PBXFileReference; includeInIndex = 1; lastKnownFileType = text.xcconfig; name = "Pods-iBeeboPro.debug.xcconfig"; path = "Pods/Target Support Files/Pods-iBeeboPro/Pods-iBeeboPro.debug.xcconfig"; sourceTree = "<group>"; };
/* End PBXFileReference section */

/* Begin PBXFrameworksBuildPhase section */
		3A85C21C1D44DAD000B0FB8E /* Frameworks */ = {
			isa = PBXFrameworksBuildPhase;
			buildActionMask = 2147483647;
			files = (
				542C4D0CDABDA17A79467044 /* libPods-iBeeboPro.a in Frameworks */,
			);
			runOnlyForDeploymentPostprocessing = 0;
		};
/* End PBXFrameworksBuildPhase section */

/* Begin PBXGroup section */
		3A6410101D465EF1000651E6 /* Beans */ = {
			isa = PBXGroup;
			children = (
				3A6844C41D4A59D300655A17 /* Home */,
				3A6410111D465F00000651E6 /* CardGroup */,
				2F34CEE6B799F29F431FD199 /* Weibo.m */,
				2F34C6B2E247F8EE943E7D55 /* Weibo.h */,
				2F34C8234AD5F99F30A819DD /* RetweetedWeibo.m */,
				2F34C97FEF845E6C43EB3A26 /* RetweetedWeibo.h */,
				2F34C453F4ECA81B10255FFB /* BaseWeibo.m */,
				2F34C471833B34BF95362C1A /* BaseWeibo.h */,
			);
			name = Beans;
			sourceTree = "<group>";
		};
		3A6410111D465F00000651E6 /* CardGroup */ = {
			isa = PBXGroup;
			children = (
				2F34C6E9A84D90199187BA5A /* DataModels.h */,
				2F34C99D5C77049B01243924 /* Geo.h */,
				2F34C7C5FC6537BD962D317F /* WeiboPage.m */,
				2F34CB85B6052B9A2BE55331 /* Pics.h */,
				2F34C86B024C73E8207EFE06 /* Author.h */,
				2F34C8008762317F328246A3 /* PicInfo.m */,
				2F34C204C7F7573486CEB9B4 /* User.m */,
				2F34C03584114B421E7D65FE /* MediaInfo.m */,
				2F34C467CDC45B2E49C1E7BA /* RetweetedStatus.m */,
				2F34CBC33A321C90E8E658F1 /* PicBig.h */,
				2F34CBE8C0750A39D5E172AB /* Pics.m */,
				2F34C62470AF419FC28FB111 /* CardGroup.h */,
				2F34CEC531482F5389043F0D /* PicInfo.h */,
				2F34CC7621672374693F0484 /* WeiboPage.h */,
				2F34C406502D408173799166 /* Mblog.m */,
				2F34C344B0D1B76CE767E37D /* Cards.m */,
				2F34CF27C8F6AED7147722FE /* Large.m */,
				2F34CFFC2E9A81EDA8CB09BC /* Mblog.h */,
				2F34C604229F0DB529A96B66 /* Geo.m */,
				2F34CFEFE135DC3D82ACCA05 /* Visible.h */,
				2F34CABC019A6718DFEFD73A /* Cards.h */,
				2F34CB399745230C77DA3504 /* RetweetedStatus.h */,
				2F34C46E18CDBF311AB1FC41 /* Large.h */,
				2F34CE8EA99E4D849356B327 /* User.h */,
				2F34C0F91DD5AA6B7F15E3F8 /* PageInfo.h */,
				2F34C86415405AE385F78D3A /* Author.m */,
				2F34C6212E49E452C390DBCA /* PageInfo.m */,
				2F34C0932D667BA69A882F68 /* Visible.m */,
				2F34C49AA818F5F2185D4B73 /* MediaInfo.h */,
				2F34CB0C38D63BB5885D6581 /* CardGroup.m */,
				2F34CE6E20185895512C6DD1 /* PicBig.m */,
			);
			name = CardGroup;
			sourceTree = "<group>";
		};
		3A6559E11D47B9AC00776797 /* TableCell */ = {
			isa = PBXGroup;
			children = (
				3A6559E21D47B9DD00776797 /* TimeLineCell.h */,
				3A6559E31D47B9DD00776797 /* TimeLineCell.m */,
				3A6E21FD1D4CE79700ED92E6 /* TimeLine1ImagesCell.h */,
				3A6E21FE1D4CE79700ED92E6 /* TimeLine1ImagesCell.m */,
				3A6E22001D4CFE4000ED92E6 /* TimeLine2ImagesCell.h */,
				3A6E22011D4CFE4000ED92E6 /* TimeLine2ImagesCell.m */,
				3A6E22081D4D116E00ED92E6 /* TimeLine3ImagesCell.h */,
				3A6E22091D4D116E00ED92E6 /* TimeLine3ImagesCell.m */,
				3A6E220B1D4D17BE00ED92E6 /* TimeLine4ImagesCell.h */,
				3A6E220C1D4D17BE00ED92E6 /* TimeLine4ImagesCell.m */,
				3A6E220E1D4D17D800ED92E6 /* TimeLine5ImagesCell.h */,
				3A6E220F1D4D17D800ED92E6 /* TimeLine5ImagesCell.m */,
				3A6E22111D4D17FC00ED92E6 /* TimeLine6ImagesCell.h */,
				3A6E22121D4D17FC00ED92E6 /* TimeLine6ImagesCell.m */,
				3A6E22141D4D181100ED92E6 /* TimeLine7ImagesCell.h */,
				3A6E22151D4D181100ED92E6 /* TimeLine7ImagesCell.m */,
				3A6E22171D4D182400ED92E6 /* TimeLine8ImagesCell.h */,
				3A6E22181D4D182400ED92E6 /* TimeLine8ImagesCell.m */,
				3A6E221A1D4D184700ED92E6 /* TimeLine9ImagesCell.h */,
				3A6E221B1D4D184700ED92E6 /* TimeLine9ImagesCell.m */,
			);
			name = TableCell;
			sourceTree = "<group>";
		};
		3A6844C41D4A59D300655A17 /* Home */ = {
			isa = PBXGroup;
			children = (
				3A6844C51D4A59E200655A17 /* LXStatusTextPart.h */,
				3A6844C61D4A59E200655A17 /* LXStatusTextPart.m */,
				3A6844C71D4A59E200655A17 /* LXStatusTextLink.h */,
				3A6844C81D4A59E200655A17 /* LXStatusTextLink.m */,
			);
			name = Home;
			sourceTree = "<group>";
		};
		3A6E21F61D4C8EFF00ED92E6 /* Views */ = {
			isa = PBXGroup;
			children = (
				3A6E21F71D4C8F9C00ED92E6 /* UIWeiboTextView.h */,
				3A6E21F81D4C8F9C00ED92E6 /* UIWeiboTextView.m */,
			);
			name = Views;
			sourceTree = "<group>";
		};
		3A78B4E11E9A45760053DFA9 /* WeiboHelper */ = {
			isa = PBXGroup;
			children = (
				3A78B4E21E9A45C00053DFA9 /* WeiboHelper.h */,
				3A78B4E31E9A45C00053DFA9 /* WeiboHelper.m */,
			);
			name = WeiboHelper;
			sourceTree = "<group>";
		};
		3A85C2161D44DAD000B0FB8E = {
			isa = PBXGroup;
			children = (
				3A6E21F61D4C8EFF00ED92E6 /* Views */,
				3A85C2211D44DAD000B0FB8E /* iBeeboPro */,
				3A85C2201D44DAD000B0FB8E /* Products */,
				B0701C363D0DB6C50E46DE3E /* Pods */,
				78AB65A05FBC3C6399B84737 /* Frameworks */,
			);
			sourceTree = "<group>";
		};
		3A85C2201D44DAD000B0FB8E /* Products */ = {
			isa = PBXGroup;
			children = (
				3A85C21F1D44DAD000B0FB8E /* iBeeboPro.app */,
			);
			name = Products;
			sourceTree = "<group>";
		};
		3A85C2211D44DAD000B0FB8E /* iBeeboPro */ = {
			isa = PBXGroup;
			children = (
				3A78B4E11E9A45760053DFA9 /* WeiboHelper */,
				3A6844E11D4A646C00655A17 /* NSNotificationCenter+LXAdditions.h */,
				3A6844E21D4A646C00655A17 /* NSNotificationCenter+LXAdditions.m */,
				3A6844D81D4A60CD00655A17 /* Emotion.h */,
				3A6844D91D4A60CD00655A17 /* Emotion.m */,
				3A6844DA1D4A60CD00655A17 /* NSString+Emoji.h */,
				3A6844DB1D4A60CD00655A17 /* NSString+Emoji.m */,
				3A6844D51D4A608000655A17 /* EmotionsManager.h */,
				3A6844D61D4A608000655A17 /* EmotionsManager.m */,
				3A6410101D465EF1000651E6 /* Beans */,
				3A85C24E1D45213900B0FB8E /* NSString+Extensions.h */,
				3A85C24F1D45213900B0FB8E /* NSString+Extensions.m */,
				3A85C24B1D45211600B0FB8E /* AFHTTPSessionManager+SimpleAction.h */,
				3A85C24C1D45211600B0FB8E /* AFHTTPSessionManager+SimpleAction.m */,
				3A85C2451D45113F00B0FB8E /* Controllers */,
				3A85C23C1D44FCB500B0FB8E /* NetWork */,
				3A85C2251D44DAD000B0FB8E /* AppDelegate.h */,
				3A85C2261D44DAD000B0FB8E /* AppDelegate.m */,
				3A85C2281D44DAD000B0FB8E /* ViewController.h */,
				3A85C2291D44DAD000B0FB8E /* ViewController.m */,
				3A85C22B1D44DAD000B0FB8E /* Main.storyboard */,
				3A85C2311D44DAD000B0FB8E /* Assets.xcassets */,
				3A85C2331D44DAD000B0FB8E /* LaunchScreen.storyboard */,
				3A85C2361D44DAD000B0FB8E /* Info.plist */,
				3A6844CD1D4A5FF600655A17 /* default.plist */,
				3A6844CF1D4A5FF600655A17 /* emoji.plist */,
				3A6844D11D4A5FF600655A17 /* lxh.plist */,
				3A85C22E1D44DAD000B0FB8E /* iBeeboPro.xcdatamodeld */,
				3A85C2221D44DAD000B0FB8E /* Supporting Files */,
				3A85C2421D45083700B0FB8E /* UIStoryboard+Extensions.h */,
				3A85C2431D45083700B0FB8E /* UIStoryboard+Extensions.m */,
				3A6E21FA1D4C972C00ED92E6 /* WeiboJsonCleanner.h */,
				3A6E21FB1D4C972C00ED92E6 /* WeiboJsonCleanner.m */,
			);
			path = iBeeboPro;
			sourceTree = "<group>";
		};
		3A85C2221D44DAD000B0FB8E /* Supporting Files */ = {
			isa = PBXGroup;
			children = (
				3A85C2231D44DAD000B0FB8E /* main.m */,
			);
			name = "Supporting Files";
			sourceTree = "<group>";
		};
		3A85C23C1D44FCB500B0FB8E /* NetWork */ = {
			isa = PBXGroup;
			children = (
				3A85C23F1D44FD7500B0FB8E /* CookiesManager.h */,
				3A85C2401D44FD7500B0FB8E /* CookiesManager.m */,
			);
			name = NetWork;
			sourceTree = "<group>";
		};
		3A85C2451D45113F00B0FB8E /* Controllers */ = {
			isa = PBXGroup;
			children = (
				3A6559E11D47B9AC00776797 /* TableCell */,
				3A85C2461D4511C700B0FB8E /* WeiboMainTabBarController.h */,
				3A85C2471D4511C700B0FB8E /* WeiboMainTabBarController.m */,
				3A6410741D466C51000651E6 /* MainTimeLineTableViewController.h */,
				3A6410751D466C51000651E6 /* MainTimeLineTableViewController.m */,
			);
			name = Controllers;
			sourceTree = "<group>";
		};
		78AB65A05FBC3C6399B84737 /* Frameworks */ = {
			isa = PBXGroup;
			children = (
				1C98854ABD08BD7E691A049D /* libPods-iBeeboPro.a */,
			);
			name = Frameworks;
			sourceTree = "<group>";
		};
		B0701C363D0DB6C50E46DE3E /* Pods */ = {
			isa = PBXGroup;
			children = (
				B9B0A1B115C4DC0741FD0865 /* Pods-iBeeboPro.debug.xcconfig */,
				85848B6C50344BAD3D72FDC4 /* Pods-iBeeboPro.release.xcconfig */,
			);
			name = Pods;
			sourceTree = "<group>";
		};
/* End PBXGroup section */

/* Begin PBXNativeTarget section */
		3A85C21E1D44DAD000B0FB8E /* iBeeboPro */ = {
			isa = PBXNativeTarget;
			buildConfigurationList = 3A85C2391D44DAD000B0FB8E /* Build configuration list for PBXNativeTarget "iBeeboPro" */;
			buildPhases = (
				0DC89991FFC7F57F82CFAE7E /* [CP] Check Pods Manifest.lock */,
				3A85C21B1D44DAD000B0FB8E /* Sources */,
				3A85C21C1D44DAD000B0FB8E /* Frameworks */,
				3A85C21D1D44DAD000B0FB8E /* Resources */,
				F88AAA8E663433ED69FA451D /* [CP] Embed Pods Frameworks */,
				AE0AFFBB9D8C97DC5879AC01 /* [CP] Copy Pods Resources */,
			);
			buildRules = (
			);
			dependencies = (
			);
			name = iBeeboPro;
			productName = iBeeboPro;
			productReference = 3A85C21F1D44DAD000B0FB8E /* iBeeboPro.app */;
			productType = "com.apple.product-type.application";
		};
/* End PBXNativeTarget section */

/* Begin PBXProject section */
		3A85C2171D44DAD000B0FB8E /* Project object */ = {
			isa = PBXProject;
			attributes = {
				LastUpgradeCheck = 0730;
				ORGANIZATIONNAME = andforce;
				TargetAttributes = {
					3A85C21E1D44DAD000B0FB8E = {
						CreatedOnToolsVersion = 7.3.1;
						DevelopmentTeam = NRHHX365ZN;
						ProvisioningStyle = Automatic;
					};
				};
			};
			buildConfigurationList = 3A85C21A1D44DAD000B0FB8E /* Build configuration list for PBXProject "iBeeboPro" */;
			compatibilityVersion = "Xcode 3.2";
			developmentRegion = English;
			hasScannedForEncodings = 0;
			knownRegions = (
				en,
				Base,
			);
			mainGroup = 3A85C2161D44DAD000B0FB8E;
			productRefGroup = 3A85C2201D44DAD000B0FB8E /* Products */;
			projectDirPath = "";
			projectRoot = "";
			targets = (
				3A85C21E1D44DAD000B0FB8E /* iBeeboPro */,
			);
		};
/* End PBXProject section */

/* Begin PBXResourcesBuildPhase section */
		3A85C21D1D44DAD000B0FB8E /* Resources */ = {
			isa = PBXResourcesBuildPhase;
			buildActionMask = 2147483647;
			files = (
				3A6844D31D4A5FF600655A17 /* emoji.plist in Resources */,
				3A6844D21D4A5FF600655A17 /* default.plist in Resources */,
				3A6844D41D4A5FF600655A17 /* lxh.plist in Resources */,
				3A85C2351D44DAD000B0FB8E /* LaunchScreen.storyboard in Resources */,
				3A85C2321D44DAD000B0FB8E /* Assets.xcassets in Resources */,
				3A85C22D1D44DAD000B0FB8E /* Main.storyboard in Resources */,
			);
			runOnlyForDeploymentPostprocessing = 0;
		};
/* End PBXResourcesBuildPhase section */

/* Begin PBXShellScriptBuildPhase section */
		0DC89991FFC7F57F82CFAE7E /* [CP] Check Pods Manifest.lock */ = {
			isa = PBXShellScriptBuildPhase;
			buildActionMask = 2147483647;
			files = (
			);
			inputPaths = (
			);
			name = "[CP] Check Pods Manifest.lock";
			outputPaths = (
			);
			runOnlyForDeploymentPostprocessing = 0;
			shellPath = /bin/sh;
			shellScript = "diff \"${PODS_ROOT}/../Podfile.lock\" \"${PODS_ROOT}/Manifest.lock\" > /dev/null\nif [ $? != 0 ] ; then\n    # print error to STDERR\n    echo \"error: The sandbox is not in sync with the Podfile.lock. Run 'pod install' or update your CocoaPods installation.\" >&2\n    exit 1\nfi\n";
			showEnvVarsInLog = 0;
		};
		AE0AFFBB9D8C97DC5879AC01 /* [CP] Copy Pods Resources */ = {
			isa = PBXShellScriptBuildPhase;
			buildActionMask = 2147483647;
			files = (
			);
			inputPaths = (
			);
			name = "[CP] Copy Pods Resources";
			outputPaths = (
			);
			runOnlyForDeploymentPostprocessing = 0;
			shellPath = /bin/sh;
			shellScript = "\"${SRCROOT}/Pods/Target Support Files/Pods-iBeeboPro/Pods-iBeeboPro-resources.sh\"\n";
			showEnvVarsInLog = 0;
		};
		F88AAA8E663433ED69FA451D /* [CP] Embed Pods Frameworks */ = {
			isa = PBXShellScriptBuildPhase;
			buildActionMask = 2147483647;
			files = (
			);
			inputPaths = (
			);
			name = "[CP] Embed Pods Frameworks";
			outputPaths = (
			);
			runOnlyForDeploymentPostprocessing = 0;
			shellPath = /bin/sh;
			shellScript = "\"${SRCROOT}/Pods/Target Support Files/Pods-iBeeboPro/Pods-iBeeboPro-frameworks.sh\"\n";
			showEnvVarsInLog = 0;
		};
/* End PBXShellScriptBuildPhase section */

/* Begin PBXSourcesBuildPhase section */
		3A85C21B1D44DAD000B0FB8E /* Sources */ = {
			isa = PBXSourcesBuildPhase;
			buildActionMask = 2147483647;
			files = (
				3A85C2441D45083700B0FB8E /* UIStoryboard+Extensions.m in Sources */,
				3A6E22131D4D17FC00ED92E6 /* TimeLine6ImagesCell.m in Sources */,
				3A6844DD1D4A60CD00655A17 /* NSString+Emoji.m in Sources */,
				3A85C22A1D44DAD000B0FB8E /* ViewController.m in Sources */,
				3A6559E41D47B9DD00776797 /* TimeLineCell.m in Sources */,
				3A6E220A1D4D116E00ED92E6 /* TimeLine3ImagesCell.m in Sources */,
				3A6844E31D4A646C00655A17 /* NSNotificationCenter+LXAdditions.m in Sources */,
				3A6E22191D4D182400ED92E6 /* TimeLine8ImagesCell.m in Sources */,
				3A6844CA1D4A59E200655A17 /* LXStatusTextLink.m in Sources */,
				3A85C2301D44DAD000B0FB8E /* iBeeboPro.xcdatamodeld in Sources */,
				3A6E22161D4D181100ED92E6 /* TimeLine7ImagesCell.m in Sources */,
				3A85C2501D45213900B0FB8E /* NSString+Extensions.m in Sources */,
				3A6410761D466C51000651E6 /* MainTimeLineTableViewController.m in Sources */,
				3A85C2271D44DAD000B0FB8E /* AppDelegate.m in Sources */,
				3A85C2241D44DAD000B0FB8E /* main.m in Sources */,
				3A6E22101D4D17D800ED92E6 /* TimeLine5ImagesCell.m in Sources */,
				3A6844DC1D4A60CD00655A17 /* Emotion.m in Sources */,
				3A6E21F91D4C8F9C00ED92E6 /* UIWeiboTextView.m in Sources */,
				3A6844C91D4A59E200655A17 /* LXStatusTextPart.m in Sources */,
				3A85C2481D4511C700B0FB8E /* WeiboMainTabBarController.m in Sources */,
				3A6E21FF1D4CE79700ED92E6 /* TimeLine1ImagesCell.m in Sources */,
				3A85C2411D44FD7500B0FB8E /* CookiesManager.m in Sources */,
				3A78B4E41E9A45C00053DFA9 /* WeiboHelper.m in Sources */,
				3A6E220D1D4D17BE00ED92E6 /* TimeLine4ImagesCell.m in Sources */,
				3A85C24D1D45211600B0FB8E /* AFHTTPSessionManager+SimpleAction.m in Sources */,
				3A6E221C1D4D184700ED92E6 /* TimeLine9ImagesCell.m in Sources */,
				3A6E21FC1D4C972C00ED92E6 /* WeiboJsonCleanner.m in Sources */,
				3A6E22021D4CFE4000ED92E6 /* TimeLine2ImagesCell.m in Sources */,
				3A6844D71D4A608000655A17 /* EmotionsManager.m in Sources */,
				2F34C2492249AD8036CB7E15 /* WeiboPage.m in Sources */,
				2F34C9BD99E2AC9F17E96F7D /* PicInfo.m in Sources */,
				2F34C290F133FDB5EC583FB1 /* User.m in Sources */,
				2F34C1559967EC1C2793FC0D /* MediaInfo.m in Sources */,
				2F34C7DA79B40B6FE64F754B /* RetweetedStatus.m in Sources */,
				2F34CD55968E4C06A67063C2 /* Pics.m in Sources */,
				2F34C4D8AC32286ACBEDB4FB /* Mblog.m in Sources */,
				2F34CF8F5676D83E49F5BE07 /* Cards.m in Sources */,
				2F34CCCEBDC718751E614E2C /* Large.m in Sources */,
				2F34C6BCF78948B6DEA82A5D /* Geo.m in Sources */,
				2F34CCF63A92515DEE7EB12A /* Author.m in Sources */,
				2F34CE403B8EFCD1FD9097A0 /* PageInfo.m in Sources */,
				2F34C576A4F745C978358EE4 /* Visible.m in Sources */,
				2F34CF4254CCF9E02F82529A /* CardGroup.m in Sources */,
				2F34C5B96CF6C3F28FFEA9FC /* PicBig.m in Sources */,
				2F34CEC299A112CEC5EC6893 /* Weibo.m in Sources */,
				2F34CCE7F114F28FF04AA297 /* RetweetedWeibo.m in Sources */,
				2F34C5ABC0980D6276B65E3D /* BaseWeibo.m in Sources */,
			);
			runOnlyForDeploymentPostprocessing = 0;
		};
/* End PBXSourcesBuildPhase section */

/* Begin PBXVariantGroup section */
		3A85C22B1D44DAD000B0FB8E /* Main.storyboard */ = {
			isa = PBXVariantGroup;
			children = (
				3A85C22C1D44DAD000B0FB8E /* Base */,
			);
			name = Main.storyboard;
			sourceTree = "<group>";
		};
		3A85C2331D44DAD000B0FB8E /* LaunchScreen.storyboard */ = {
			isa = PBXVariantGroup;
			children = (
				3A85C2341D44DAD000B0FB8E /* Base */,
			);
			name = LaunchScreen.storyboard;
			sourceTree = "<group>";
		};
/* End PBXVariantGroup section */

/* Begin XCBuildConfiguration section */
		3A85C2371D44DAD000B0FB8E /* Debug */ = {
			isa = XCBuildConfiguration;
			buildSettings = {
				ALWAYS_SEARCH_USER_PATHS = NO;
				CLANG_ANALYZER_NONNULL = YES;
				CLANG_CXX_LANGUAGE_STANDARD = "gnu++0x";
				CLANG_CXX_LIBRARY = "libc++";
				CLANG_ENABLE_MODULES = YES;
				CLANG_ENABLE_OBJC_ARC = YES;
				CLANG_WARN_BOOL_CONVERSION = YES;
				CLANG_WARN_CONSTANT_CONVERSION = YES;
				CLANG_WARN_DIRECT_OBJC_ISA_USAGE = YES_ERROR;
				CLANG_WARN_EMPTY_BODY = YES;
				CLANG_WARN_ENUM_CONVERSION = YES;
				CLANG_WARN_INT_CONVERSION = YES;
				CLANG_WARN_OBJC_ROOT_CLASS = YES_ERROR;
				CLANG_WARN_UNREACHABLE_CODE = YES;
				CLANG_WARN__DUPLICATE_METHOD_MATCH = YES;
				"CODE_SIGN_IDENTITY[sdk=iphoneos*]" = "iPhone Developer";
				COPY_PHASE_STRIP = NO;
				DEBUG_INFORMATION_FORMAT = dwarf;
				ENABLE_STRICT_OBJC_MSGSEND = YES;
				ENABLE_TESTABILITY = YES;
				GCC_C_LANGUAGE_STANDARD = gnu99;
				GCC_DYNAMIC_NO_PIC = NO;
				GCC_NO_COMMON_BLOCKS = YES;
				GCC_OPTIMIZATION_LEVEL = 0;
				GCC_PREPROCESSOR_DEFINITIONS = (
					"DEBUG=1",
					"$(inherited)",
				);
				GCC_WARN_64_TO_32_BIT_CONVERSION = YES;
				GCC_WARN_ABOUT_RETURN_TYPE = YES_ERROR;
				GCC_WARN_UNDECLARED_SELECTOR = YES;
				GCC_WARN_UNINITIALIZED_AUTOS = YES_AGGRESSIVE;
				GCC_WARN_UNUSED_FUNCTION = YES;
				GCC_WARN_UNUSED_VARIABLE = YES;
				IPHONEOS_DEPLOYMENT_TARGET = 8.0;
				MTL_ENABLE_DEBUG_INFO = YES;
				ONLY_ACTIVE_ARCH = YES;
				SDKROOT = iphoneos;
			};
			name = Debug;
		};
		3A85C2381D44DAD000B0FB8E /* Release */ = {
			isa = XCBuildConfiguration;
			buildSettings = {
				ALWAYS_SEARCH_USER_PATHS = NO;
				CLANG_ANALYZER_NONNULL = YES;
				CLANG_CXX_LANGUAGE_STANDARD = "gnu++0x";
				CLANG_CXX_LIBRARY = "libc++";
				CLANG_ENABLE_MODULES = YES;
				CLANG_ENABLE_OBJC_ARC = YES;
				CLANG_WARN_BOOL_CONVERSION = YES;
				CLANG_WARN_CONSTANT_CONVERSION = YES;
				CLANG_WARN_DIRECT_OBJC_ISA_USAGE = YES_ERROR;
				CLANG_WARN_EMPTY_BODY = YES;
				CLANG_WARN_ENUM_CONVERSION = YES;
				CLANG_WARN_INT_CONVERSION = YES;
				CLANG_WARN_OBJC_ROOT_CLASS = YES_ERROR;
				CLANG_WARN_UNREACHABLE_CODE = YES;
				CLANG_WARN__DUPLICATE_METHOD_MATCH = YES;
				"CODE_SIGN_IDENTITY[sdk=iphoneos*]" = "iPhone Developer";
				COPY_PHASE_STRIP = NO;
				DEBUG_INFORMATION_FORMAT = "dwarf-with-dsym";
				ENABLE_NS_ASSERTIONS = NO;
				ENABLE_STRICT_OBJC_MSGSEND = YES;
				GCC_C_LANGUAGE_STANDARD = gnu99;
				GCC_NO_COMMON_BLOCKS = YES;
				GCC_WARN_64_TO_32_BIT_CONVERSION = YES;
				GCC_WARN_ABOUT_RETURN_TYPE = YES_ERROR;
				GCC_WARN_UNDECLARED_SELECTOR = YES;
				GCC_WARN_UNINITIALIZED_AUTOS = YES_AGGRESSIVE;
				GCC_WARN_UNUSED_FUNCTION = YES;
				GCC_WARN_UNUSED_VARIABLE = YES;
				IPHONEOS_DEPLOYMENT_TARGET = 8.0;
				MTL_ENABLE_DEBUG_INFO = NO;
				SDKROOT = iphoneos;
				VALIDATE_PRODUCT = YES;
			};
			name = Release;
		};
		3A85C23A1D44DAD000B0FB8E /* Debug */ = {
			isa = XCBuildConfiguration;
			baseConfigurationReference = B9B0A1B115C4DC0741FD0865 /* Pods-iBeeboPro.debug.xcconfig */;
			buildSettings = {
				ASSETCATALOG_COMPILER_APPICON_NAME = AppIcon;
				CODE_SIGN_IDENTITY = "iPhone Distribution";
				"CODE_SIGN_IDENTITY[sdk=iphoneos*]" = "iPhone Developer";
				DEVELOPMENT_TEAM = NRHHX365ZN;
				INFOPLIST_FILE = iBeeboPro/Info.plist;
				IPHONEOS_DEPLOYMENT_TARGET = 8.0;
				LD_RUNPATH_SEARCH_PATHS = "$(inherited) @executable_path/Frameworks";
				PRODUCT_BUNDLE_IDENTIFIER = com.andforce.iBeeboPro;
				PRODUCT_NAME = "$(TARGET_NAME)";
				PROVISIONING_PROFILE = "";
				TARGETED_DEVICE_FAMILY = "1,2";
			};
			name = Debug;
		};
		3A85C23B1D44DAD000B0FB8E /* Release */ = {
			isa = XCBuildConfiguration;
			baseConfigurationReference = 85848B6C50344BAD3D72FDC4 /* Pods-iBeeboPro.release.xcconfig */;
			buildSettings = {
				ASSETCATALOG_COMPILER_APPICON_NAME = AppIcon;
				CODE_SIGN_IDENTITY = "iPhone Distribution";
				"CODE_SIGN_IDENTITY[sdk=iphoneos*]" = "iPhone Developer";
				DEVELOPMENT_TEAM = NRHHX365ZN;
				INFOPLIST_FILE = iBeeboPro/Info.plist;
				IPHONEOS_DEPLOYMENT_TARGET = 8.0;
				LD_RUNPATH_SEARCH_PATHS = "$(inherited) @executable_path/Frameworks";
				PRODUCT_BUNDLE_IDENTIFIER = com.andforce.iBeeboPro;
				PRODUCT_NAME = "$(TARGET_NAME)";
				PROVISIONING_PROFILE = "";
				TARGETED_DEVICE_FAMILY = "1,2";
			};
			name = Release;
		};
/* End XCBuildConfiguration section */

/* Begin XCConfigurationList section */
		3A85C21A1D44DAD000B0FB8E /* Build configuration list for PBXProject "iBeeboPro" */ = {
			isa = XCConfigurationList;
			buildConfigurations = (
				3A85C2371D44DAD000B0FB8E /* Debug */,
				3A85C2381D44DAD000B0FB8E /* Release */,
			);
			defaultConfigurationIsVisible = 0;
			defaultConfigurationName = Release;
		};
		3A85C2391D44DAD000B0FB8E /* Build configuration list for PBXNativeTarget "iBeeboPro" */ = {
			isa = XCConfigurationList;
			buildConfigurations = (
				3A85C23A1D44DAD000B0FB8E /* Debug */,
				3A85C23B1D44DAD000B0FB8E /* Release */,
			);
			defaultConfigurationIsVisible = 0;
			defaultConfigurationName = Release;
		};
/* End XCConfigurationList section */

/* Begin XCVersionGroup section */
		3A85C22E1D44DAD000B0FB8E /* iBeeboPro.xcdatamodeld */ = {
			isa = XCVersionGroup;
			children = (
				3A85C22F1D44DAD000B0FB8E /* iBeeboPro.xcdatamodel */,
			);
			currentVersion = 3A85C22F1D44DAD000B0FB8E /* iBeeboPro.xcdatamodel */;
			path = iBeeboPro.xcdatamodeld;
			sourceTree = "<group>";
			versionGroupType = wrapper.xcdatamodel;
		};
/* End XCVersionGroup section */
	};
	rootObject = 3A85C2171D44DAD000B0FB8E /* Project object */;
}
